
Microsoft Visual Studio Solution File, Format Version 12.00
# Visual Studio Version 17
VisualStudioVersion = 17.0.31903.59
MinimumVisualStudioVersion = 10.0.40219.1
Project("{2150E333-8FDC-42A3-9474-1A3956D46DE8}") = "src", "src", "{827E0CD3-B72D-47B6-A68D-7590B98EB39B}"
EndProject
Project("{FAE04EC0-301F-11D3-BF4B-00C04F79EFBC}") = "CodeUsageMap.Contracts", "src\CodeUsageMap.Contracts\CodeUsageMap.Contracts.csproj", "{E1929022-DBBF-4E18-9720-14A728A8AA81}"
EndProject
Project("{FAE04EC0-301F-11D3-BF4B-00C04F79EFBC}") = "CodeUsageMap.Core", "src\CodeUsageMap.Core\CodeUsageMap.Core.csproj", "{7B6EE452-4238-47C1-BA16-328C31DE1E4B}"
EndProject
Project("{FAE04EC0-301F-11D3-BF4B-00C04F79EFBC}") = "CodeUsageMap.Cli", "src\CodeUsageMap.Cli\CodeUsageMap.Cli.csproj", "{914D1202-B037-4FE8-80B9-4A5AB75DAD4C}"
EndProject
Project("{FAE04EC0-301F-11D3-BF4B-00C04F79EFBC}") = "CodeUsageMap.Contracts.Tests", "tests\CodeUsageMap.Contracts.Tests\CodeUsageMap.Contracts.Tests.csproj", "{FF71D624-39AA-49A7-99E4-237880030367}"
EndProject
Project("{FAE04EC0-301F-11D3-BF4B-00C04F79EFBC}") = "CodeUsageMap.Core.Tests", "tests\CodeUsageMap.Core.Tests\CodeUsageMap.Core.Tests.csproj", "{BE579F9A-C5F5-4B6C-ACF3-244780A05961}"
EndProject
Project("{FAE04EC0-301F-11D3-BF4B-00C04F79EFBC}") = "CodeUsageMap.Integration.Tests", "tests\CodeUsageMap.Integration.Tests\CodeUsageMap.Integration.Tests.csproj", "{1CE1487A-0127-4715-AC11-105E609D8196}"
EndProject
Global
	GlobalSection(SolutionConfigurationPlatforms) = preSolution
		Debug|Any CPU = Debug|Any CPU
		Debug|x64 = Debug|x64
		Debug|x86 = Debug|x86
		Release|Any CPU = Release|Any CPU
		Release|x64 = Release|x64
		Release|x86 = Release|x86
	EndGlobalSection
	GlobalSection(ProjectConfigurationPlatforms) = postSolution
		{E1929022-DBBF-4E18-9720-14A728A8AA81}.Debug|Any CPU.ActiveCfg = Debug|Any CPU
		{E1929022-DBBF-4E18-9720-14A728A8AA81}.Debug|Any CPU.Build.0 = Debug|Any CPU
		{E1929022-DBBF-4E18-9720-14A728A8AA81}.Debug|x64.ActiveCfg = Debug|Any CPU
		{E1929022-DBBF-4E18-9720-14A728A8AA81}.Debug|x64.Build.0 = Debug|Any CPU
		{E1929022-DBBF-4E18-9720-14A728A8AA81}.Debug|x86.ActiveCfg = Debug|Any CPU
		{E1929022-DBBF-4E18-9720-14A728A8AA81}.Debug|x86.Build.0 = Debug|Any CPU
		{E1929022-DBBF-4E18-9720-14A728A8AA81}.Release|Any CPU.ActiveCfg = Release|Any CPU
		{E1929022-DBBF-4E18-9720-14A728A8AA81}.Release|Any CPU.Build.0 = Release|Any CPU
		{E1929022-DBBF-4E18-9720-14A728A8AA81}.Release|x64.ActiveCfg = Release|Any CPU
		{E1929022-DBBF-4E18-9720-14A728A8AA81}.Release|x64.Build.0 = Release|Any CPU
		{E1929022-DBBF-4E18-9720-14A728A8AA81}.Release|x86.ActiveCfg = Release|Any CPU
		{E1929022-DBBF-4E18-9720-14A728A8AA81}.Release|x86.Build.0 = Release|Any CPU
		{7B6EE452-4238-47C1-BA16-328C31DE1E4B}.Debug|Any CPU.ActiveCfg = Debug|Any CPU
		{7B6EE452-4238-47C1-BA16-328C31DE1E4B}.Debug|Any CPU.Build.0 = Debug|Any CPU
		{7B6EE452-4238-47C1-BA16-328C31DE1E4B}.Debug|x64.ActiveCfg = Debug|Any CPU
		{7B6EE452-4238-47C1-BA16-328C31DE1E4B}.Debug|x64.Build.0 = Debug|Any CPU
		{7B6EE452-4238-47C1-BA16-328C31DE1E4B}.Debug|x86.ActiveCfg = Debug|Any CPU
		{7B6EE452-4238-47C1-BA16-328C31DE1E4B}.Debug|x86.Build.0 = Debug|Any CPU
		{7B6EE452-4238-47C1-BA16-328C31DE1E4B}.Release|Any CPU.ActiveCfg = Release|Any CPU
		{7B6EE452-4238-47C1-BA16-328C31DE1E4B}.Release|Any CPU.Build.0 = Release|Any CPU
		{7B6EE452-4238-47C1-BA16-328C31DE1E4B}.Release|x64.ActiveCfg = Release|Any CPU
		{7B6EE452-4238-47C1-BA16-328C31DE1E4B}.Release|x64.Build.0 = Release|Any CPU
		{7B6EE452-4238-47C1-BA16-328C31DE1E4B}.Release|x86.ActiveCfg = Release|Any CPU
		{7B6EE452-4238-47C1-BA16-328C31DE1E4B}.Release|x86.Build.0 = Release|Any CPU
		{914D1202-B037-4FE8-80B9-4A5AB75DAD4C}.Debug|Any CPU.ActiveCfg = Debug|Any CPU
		{914D1202-B037-4FE8-80B9-4A5AB75DAD4C}.Debug|Any CPU.Build.0 = Debug|Any CPU
		{914D1202-B037-4FE8-80B9-4A5AB75DAD4C}.Debug|x64.ActiveCfg = Debug|Any CPU
		{914D1202-B037-4FE8-80B9-4A5AB75DAD4C}.Debug|x64.Build.0 = Debug|Any CPU
		{914D1202-B037-4FE8-80B9-4A5AB75DAD4C}.Debug|x86.ActiveCfg = Debug|Any CPU
		{914D1202-B037-4FE8-80B9-4A5AB75DAD4C}.Debug|x86.Build.0 = Debug|Any CPU
		{914D1202-B037-4FE8-80B9-4A5AB75DAD4C}.Release|Any CPU.ActiveCfg = Release|Any CPU
		{914D1202-B037-4FE8-80B9-4A5AB75DAD4C}.Release|Any CPU.Build.0 = Release|Any CPU
		{914D1202-B037-4FE8-80B9-4A5AB75DAD4C}.Release|x64.ActiveCfg = Release|Any CPU
		{914D1202-B037-4FE8-80B9-4A5AB75DAD4C}.Release|x64.Build.0 = Release|Any CPU
		{914D1202-B037-4FE8-80B9-4A5AB75DAD4C}.Release|x86.ActiveCfg = Release|Any CPU
		{914D1202-B037-4FE8-80B9-4A5AB75DAD4C}.Release|x86.Build.0 = Release|Any CPU
		{FF71D624-39AA-49A7-99E4-237880030367}.Debug|Any CPU.ActiveCfg = Debug|Any CPU
		{FF71D624-39AA-49A7-99E4-237880030367}.Debug|Any CPU.Build.0 = Debug|Any CPU
		{FF71D624-39AA-49A7-99E4-237880030367}.Debug|x64.ActiveCfg = Debug|Any CPU
		{FF71D624-39AA-49A7-99E4-237880030367}.Debug|x64.Build.0 = Debug|Any CPU
		{FF71D624-39AA-49A7-99E4-237880030367}.Debug|x86.ActiveCfg = Debug|Any CPU
		{FF71D624-39AA-49A7-99E4-237880030367}.Debug|x86.Build.0 = Debug|Any CPU
		{FF71D624-39AA-49A7-99E4-237880030367}.Release|Any CPU.ActiveCfg = Release|Any CPU
		{FF71D624-39AA-49A7-99E4-237880030367}.Release|Any CPU.Build.0 = Release|Any CPU
		{FF71D624-39AA-49A7-99E4-237880030367}.Release|x64.ActiveCfg = Release|Any CPU
		{FF71D624-39AA-49A7-99E4-237880030367}.Release|x64.Build.0 = Release|Any CPU
		{FF71D624-39AA-49A7-99E4-237880030367}.Release|x86.ActiveCfg = Release|Any CPU
		{FF71D624-39AA-49A7-99E4-237880030367}.Release|x86.Build.0 = Release|Any CPU
		{BE579F9A-C5F5-4B6C-ACF3-244780A05961}.Debug|Any CPU.ActiveCfg = Debug|Any CPU
		{BE579F9A-C5F5-4B6C-ACF3-244780A05961}.Debug|Any CPU.Build.0 = Debug|Any CPU
		{BE579F9A-C5F5-4B6C-ACF3-244780A05961}.Debug|x64.ActiveCfg = Debug|Any CPU
		{BE579F9A-C5F5-4B6C-ACF3-244780A05961}.Debug|x64.Build.0 = Debug|Any CPU
		{BE579F9A-C5F5-4B6C-ACF3-244780A05961}.Debug|x86.ActiveCfg = Debug|Any CPU
		{BE579F9A-C5F5-4B6C-ACF3-244780A05961}.Debug|x86.Build.0 = Debug|Any CPU
		{BE579F9A-C5F5-4B6C-ACF3-244780A05961}.Release|Any CPU.ActiveCfg = Release|Any CPU
		{BE579F9A-C5F5-4B6C-ACF3-244780A05961}.Release|Any CPU.Build.0 = Release|Any CPU
		{BE579F9A-C5F5-4B6C-ACF3-244780A05961}.Release|x64.ActiveCfg = Release|Any CPU
		{BE579F9A-C5F5-4B6C-ACF3-244780A05961}.Release|x64.Build.0 = Release|Any CPU
		{BE579F9A-C5F5-4B6C-ACF3-244780A05961}.Release|x86.ActiveCfg = Release|Any CPU
		{BE579F9A-C5F5-4B6C-ACF3-244780A05961}.Release|x86.Build.0 = Release|Any CPU
		{1CE1487A-0127-4715-AC11-105E609D8196}.Debug|Any CPU.ActiveCfg = Debug|Any CPU
		{1CE1487A-0127-4715-AC11-105E609D8196}.Debug|Any CPU.Build.0 = Debug|Any CPU
		{1CE1487A-0127-4715-AC11-105E609D8196}.Debug|x64.ActiveCfg = Debug|Any CPU
		{1CE1487A-0127-4715-AC11-105E609D8196}.Debug|x64.Build.0 = Debug|Any CPU
		{1CE1487A-0127-4715-AC11-105E609D8196}.Debug|x86.ActiveCfg = Debug|Any CPU
		{1CE1487A-0127-4715-AC11-105E609D8196}.Debug|x86.Build.0 = Debug|Any CPU
		{1CE1487A-0127-4715-AC11-105E609D8196}.Release|Any CPU.ActiveCfg = Release|Any CPU
		{1CE1487A-0127-4715-AC11-105E609D8196}.Release|Any CPU.Build.0 = Release|Any CPU
		{1CE1487A-0127-4715-AC11-105E609D8196}.Release|x64.ActiveCfg = Release|Any CPU
		{1CE1487A-0127-4715-AC11-105E609D8196}.Release|x64.Build.0 = Release|Any CPU
		{1CE1487A-0127-4715-AC11-105E609D8196}.Release|x86.ActiveCfg = Release|Any CPU
		{1CE1487A-0127-4715-AC11-105E609D8196}.Release|x86.Build.0 = Release|Any CPU
	EndGlobalSection
	GlobalSection(SolutionProperties) = preSolution
		HideSolutionNode = FALSE
	EndGlobalSection
	GlobalSection(NestedProjects) = preSolution
		{E1929022-DBBF-4E18-9720-14A728A8AA81} = {827E0CD3-B72D-47B6-A68D-7590B98EB39B}
		{7B6EE452-4238-47C1-BA16-328C31DE1E4B} = {827E0CD3-B72D-47B6-A68D-7590B98EB39B}
		{914D1202-B037-4FE8-80B9-4A5AB75DAD4C} = {827E0CD3-B72D-47B6-A68D-7590B98EB39B}
		{FF71D624-39AA-49A7-99E4-237880030367} = {827E0CD3-B72D-47B6-A68D-7590B98EB39B}
		{BE579F9A-C5F5-4B6C-ACF3-244780A05961} = {827E0CD3-B72D-47B6-A68D-7590B98EB39B}
		{1CE1487A-0127-4715-AC11-105E609D8196} = {827E0CD3-B72D-47B6-A68D-7590B98EB39B}
	EndGlobalSection
EndGlobal
